// !$*UTF8*$!
{
	archiveVersion = 1;
	classes = {
	};
	objectVersion = 50;
	objects = {

/* Begin PBXBuildFile section */
		4D05C36121C174B6001EEDA9 /* AppDelegate.m in Sources */ = {isa = PBXBuildFile; fileRef = 4D05C36021C174B6001EEDA9 /* AppDelegate.m */; };
		4D05C36421C174B6001EEDA9 /* ViewController.m in Sources */ = {isa = PBXBuildFile; fileRef = 4D05C36321C174B6001EEDA9 /* ViewController.m */; };
		4D05C36721C174B6001EEDA9 /* Main.storyboard in Resources */ = {isa = PBXBuildFile; fileRef = 4D05C36521C174B6001EEDA9 /* Main.storyboard */; };
		4D05C36921C174B6001EEDA9 /* Assets.xcassets in Resources */ = {isa = PBXBuildFile; fileRef = 4D05C36821C174B6001EEDA9 /* Assets.xcassets */; };
		4D05C36C21C174B6001EEDA9 /* LaunchScreen.storyboard in Resources */ = {isa = PBXBuildFile; fileRef = 4D05C36A21C174B6001EEDA9 /* LaunchScreen.storyboard */; };
		4D05C36F21C174B6001EEDA9 /* main.m in Sources */ = {isa = PBXBuildFile; fileRef = 4D05C36E21C174B6001EEDA9 /* main.m */; };
		4D05C37921C174B7001EEDA9 /* TestTests.m in Sources */ = {isa = PBXBuildFile; fileRef = 4D05C37821C174B7001EEDA9 /* TestTests.m */; };
		4D05C38421C174B7001EEDA9 /* TestUITests.m in Sources */ = {isa = PBXBuildFile; fileRef = 4D05C38321C174B7001EEDA9 /* TestUITests.m */; };
/* End PBXBuildFile section */

/* Begin PBXContainerItemProxy section */
		4D05C37521C174B7001EEDA9 /* PBXContainerItemProxy */ = {
			isa = PBXContainerItemProxy;
			containerPortal = 4D05C35421C174B6001EEDA9 /* Project object */;
			proxyType = 1;
			remoteGlobalIDString = 4D05C35B21C174B6001EEDA9;
			remoteInfo = Test;
		};
		4D05C38021C174B7001EEDA9 /* PBXContainerItemProxy */ = {
			isa = PBXContainerItemProxy;
			containerPortal = 4D05C35421C174B6001EEDA9 /* Project object */;
			proxyType = 1;
			remoteGlobalIDString = 4D05C35B21C174B6001EEDA9;
			remoteInfo = Test;
		};
/* End PBXContainerItemProxy section */

/* Begin PBXFileReference section */
		4D05C35C21C174B6001EEDA9 /* Test.app */ = {isa = PBXFileReference; explicitFileType = wrapper.application; includeInIndex = 0; path = Test.app; sourceTree = BUILT_PRODUCTS_DIR; };
		4D05C35F21C174B6001EEDA9 /* AppDelegate.h */ = {isa = PBXFileReference; lastKnownFileType = sourcecode.c.h; path = AppDelegate.h; sourceTree = "<group>"; };
		4D05C36021C174B6001EEDA9 /* AppDelegate.m */ = {isa = PBXFileReference; lastKnownFileType = sourcecode.c.objc; path = AppDelegate.m; sourceTree = "<group>"; };
		4D05C36221C174B6001EEDA9 /* ViewController.h */ = {isa = PBXFileReference; lastKnownFileType = sourcecode.c.h; path = ViewController.h; sourceTree = "<group>"; };
		4D05C36321C174B6001EEDA9 /* ViewController.m */ = {isa = PBXFileReference; lastKnownFileType = sourcecode.c.objc; path = ViewController.m; sourceTree = "<group>"; };
		4D05C36621C174B6001EEDA9 /* Base */ = {isa = PBXFileReference; lastKnownFileType = file.storyboard; name = Base; path = Base.lproj/Main.storyboard; sourceTree = "<group>"; };
		4D05C36821C174B6001EEDA9 /* Assets.xcassets */ = {isa = PBXFileReference; lastKnownFileType = folder.assetcatalog; path = Assets.xcassets; sourceTree = "<group>"; };
		4D05C36B21C174B6001EEDA9 /* Base */ = {isa = PBXFileReference; lastKnownFileType = file.storyboard; name = Base; path = Base.lproj/LaunchScreen.storyboard; sourceTree = "<group>"; };
		4D05C36D21C174B6001EEDA9 /* Info.plist */ = {isa = PBXFileReference; lastKnownFileType = text.plist.xml; path = Info.plist; sourceTree = "<group>"; };
		4D05C36E21C174B6001EEDA9 /* main.m */ = {isa = PBXFileReference; lastKnownFileType = sourcecode.c.objc; path = main.m; sourceTree = "<group>"; };
		4D05C37421C174B7001EEDA9 /* TestTests.xctest */ = {isa = PBXFileReference; explicitFileType = wrapper.cfbundle; includeInIndex = 0; path = TestTests.xctest; sourceTree = BUILT_PRODUCTS_DIR; };
		4D05C37821C174B7001EEDA9 /* TestTests.m */ = {isa = PBXFileReference; lastKnownFileType = sourcecode.c.objc; path = TestTests.m; sourceTree = "<group>"; };
		4D05C37A21C174B7001EEDA9 /* Info.plist */ = {isa = PBXFileReference; lastKnownFileType = text.plist.xml; path = Info.plist; sourceTree = "<group>"; };
		4D05C37F21C174B7001EEDA9 /* TestUITests.xctest */ = {isa = PBXFileReference; explicitFileType = wrapper.cfbundle; includeInIndex = 0; path = TestUITests.xctest; sourceTree = BUILT_PRODUCTS_DIR; };
		4D05C38321C174B7001EEDA9 /* TestUITests.m */ = {isa = PBXFileReference; lastKnownFileType = sourcecode.c.objc; path = TestUITests.m; sourceTree = "<group>"; };
		4D05C38521C174B7001EEDA9 /* Info.plist */ = {isa = PBXFileReference; lastKnownFileType = text.plist.xml; path = Info.plist; sourceTree = "<group>"; };
/* End PBXFileReference section */

/* Begin PBXFrameworksBuildPhase section */
		4D05C35921C174B6001EEDA9 /* Frameworks */ = {
			isa = PBXFrameworksBuildPhase;
			buildActionMask = 2147483647;
			files = (
			);
			runOnlyForDeploymentPostprocessing = 0;
		};
		4D05C37121C174B7001EEDA9 /* Frameworks */ = {
			isa = PBXFrameworksBuildPhase;
			buildActionMask = 2147483647;
			files = (
			);
			runOnlyForDeploymentPostprocessing = 0;
		};
		4D05C37C21C174B7001EEDA9 /* Frameworks */ = {
			isa = PBXFrameworksBuildPhase;
			buildActionMask = 2147483647;
			files = (
			);
			runOnlyForDeploymentPostprocessing = 0;
		};
/* End PBXFrameworksBuildPhase section */

/* Begin PBXGroup section */
		4D05C35321C174B6001EEDA9 = {
			isa = PBXGroup;
			children = (
				4D05C35E21C174B6001EEDA9 /* Test */,
				4D05C37721C174B7001EEDA9 /* TestTests */,
				4D05C38221C174B7001EEDA9 /* TestUITests */,
				4D05C35D21C174B6001EEDA9 /* Products */,
			);
			sourceTree = "<group>";
		};
		4D05C35D21C174B6001EEDA9 /* Products */ = {
			isa = PBXGroup;
			children = (
				4D05C35C21C174B6001EEDA9 /* Test.app */,
				4D05C37421C174B7001EEDA9 /* TestTests.xctest */,
				4D05C37F21C174B7001EEDA9 /* TestUITests.xctest */,
			);
			name = Products;
			sourceTree = "<group>";
		};
		4D05C35E21C174B6001EEDA9 /* Test */ = {
			isa = PBXGroup;
			children = (
				4D05C35F21C174B6001EEDA9 /* AppDelegate.h */,
				4D05C36021C174B6001EEDA9 /* AppDelegate.m */,
				4D05C36221C174B6001EEDA9 /* ViewController.h */,
				4D05C36321C174B6001EEDA9 /* ViewController.m */,
				4D05C36521C174B6001EEDA9 /* Main.storyboard */,
				4D05C36821C174B6001EEDA9 /* Assets.xcassets */,
				4D05C36A21C174B6001EEDA9 /* LaunchScreen.storyboard */,
				4D05C36D21C174B6001EEDA9 /* Info.plist */,
				4D05C36E21C174B6001EEDA9 /* main.m */,
			);
			path = Test;
			sourceTree = "<group>";
		};
		4D05C37721C174B7001EEDA9 /* TestTests */ = {
			isa = PBXGroup;
			children = (
				4D05C37821C174B7001EEDA9 /* TestTests.m */,
				4D05C37A21C174B7001EEDA9 /* Info.plist */,
			);
			path = TestTests;
			sourceTree = "<group>";
		};
		4D05C38221C174B7001EEDA9 /* TestUITests */ = {
			isa = PBXGroup;
			children = (
				4D05C38321C174B7001EEDA9 /* TestUITests.m */,
				4D05C38521C174B7001EEDA9 /* Info.plist */,
			);
			path = TestUITests;
			sourceTree = "<group>";
		};
/* End PBXGroup section */

/* Begin PBXNativeTarget section */
		4D05C35B21C174B6001EEDA9 /* Test */ = {
			isa = PBXNativeTarget;
			buildConfigurationList = 4D05C38821C174B7001EEDA9 /* Build configuration list for PBXNativeTarget "Test" */;
			buildPhases = (
				4D05C35821C174B6001EEDA9 /* Sources */,
				4D05C35921C174B6001EEDA9 /* Frameworks */,
				4D05C35A21C174B6001EEDA9 /* Resources */,
			);
			buildRules = (
			);
			dependencies = (
			);
			name = Test;
			productName = Test;
			productReference = 4D05C35C21C174B6001EEDA9 /* Test.app */;
			productType = "com.apple.product-type.application";
		};
		4D05C37321C174B7001EEDA9 /* TestTests */ = {
			isa = PBXNativeTarget;
			buildConfigurationList = 4D05C38B21C174B7001EEDA9 /* Build configuration list for PBXNativeTarget "TestTests" */;
			buildPhases = (
				4D05C37021C174B7001EEDA9 /* Sources */,
				4D05C37121C174B7001EEDA9 /* Frameworks */,
				4D05C37221C174B7001EEDA9 /* Resources */,
			);
			buildRules = (
			);
			dependencies = (
				4D05C37621C174B7001EEDA9 /* PBXTargetDependency */,
			);
			name = TestTests;
			productName = TestTests;
			productReference = 4D05C37421C174B7001EEDA9 /* TestTests.xctest */;
			productType = "com.apple.product-type.bundle.unit-test";
		};
		4D05C37E21C174B7001EEDA9 /* TestUITests */ = {
			isa = PBXNativeTarget;
			buildConfigurationList = 4D05C38E21C174B7001EEDA9 /* Build configuration list for PBXNativeTarget "TestUITests" */;
			buildPhases = (
				4D05C37B21C174B7001EEDA9 /* Sources */,
				4D05C37C21C174B7001EEDA9 /* Frameworks */,
				4D05C37D21C174B7001EEDA9 /* Resources */,
			);
			buildRules = (
			);
			dependencies = (
				4D05C38121C174B7001EEDA9 /* PBXTargetDependency */,
			);
			name = TestUITests;
			productName = TestUITests;
			productReference = 4D05C37F21C174B7001EEDA9 /* TestUITests.xctest */;
			productType = "com.apple.product-type.bundle.ui-testing";
		};
/* End PBXNativeTarget section */

/* Begin PBXProject section */
		4D05C35421C174B6001EEDA9 /* Project object */ = {
			isa = PBXProject;
			attributes = {
				LastUpgradeCheck = 1010;
				ORGANIZATIONNAME = "赵宁";
				TargetAttributes = {
					4D05C35B21C174B6001EEDA9 = {
						CreatedOnToolsVersion = 10.1;
					};
					4D05C37321C174B7001EEDA9 = {
						CreatedOnToolsVersion = 10.1;
						TestTargetID = 4D05C35B21C174B6001EEDA9;
					};
					4D05C37E21C174B7001EEDA9 = {
						CreatedOnToolsVersion = 10.1;
						TestTargetID = 4D05C35B21C174B6001EEDA9;
					};
				};
			};
			buildConfigurationList = 4D05C35721C174B6001EEDA9 /* Build configuration list for PBXProject "Test" */;
			compatibilityVersion = "Xcode 9.3";
			developmentRegion = en;
			hasScannedForEncodings = 0;
			knownRegions = (
				en,
				Base,
			);
			mainGroup = 4D05C35321C174B6001EEDA9;
			productRefGroup = 4D05C35D21C174B6001EEDA9 /* Products */;
			projectDirPath = "";
			projectRoot = "";
			targets = (
				4D05C35B21C174B6001EEDA9 /* Test */,
				4D05C37321C174B7001EEDA9 /* TestTests */,
				4D05C37E21C174B7001EEDA9 /* TestUITests */,
			);
		};
/* End PBXProject section */

/* Begin PBXResourcesBuildPhase section */
		4D05C35A21C174B6001EEDA9 /* Resources */ = {
			isa = PBXResourcesBuildPhase;
			buildActionMask = 2147483647;
			files = (
				4D05C36C21C174B6001EEDA9 /* LaunchScreen.storyboard in Resources */,
				4D05C36921C174B6001EEDA9 /* Assets.xcassets in Resources */,
				4D05C36721C174B6001EEDA9 /* Main.storyboard in Resources */,
			);
			runOnlyForDeploymentPostprocessing = 0;
		};
		4D05C37221C174B7001EEDA9 /* Resources */ = {
			isa = PBXResourcesBuildPhase;
			buildActionMask = 2147483647;
			files = (
			);
			runOnlyForDeploymentPostprocessing = 0;
		};
		4D05C37D21C174B7001EEDA9 /* Resources */ = {
			isa = PBXResourcesBuildPhase;
			buildActionMask = 2147483647;
			files = (
			);
			runOnlyForDeploymentPostprocessing = 0;
		};
/* End PBXResourcesBuildPhase section */

/* Begin PBXSourcesBuildPhase section */
		4D05C35821C174B6001EEDA9 /* Sources */ = {
			isa = PBXSourcesBuildPhase;
			buildActionMask = 2147483647;
			files = (
				4D05C36421C174B6001EEDA9 /* ViewController.m in Sources */,
				4D05C36F21C174B6001EEDA9 /* main.m in Sources */,
				4D05C36121C174B6001EEDA9 /* AppDelegate.m in Sources */,
			);
			runOnlyForDeploymentPostprocessing = 0;
		};
		4D05C37021C174B7001EEDA9 /* Sources */ = {
			isa = PBXSourcesBuildPhase;
			buildActionMask = 2147483647;
			files = (
				4D05C37921C174B7001EEDA9 /* TestTests.m in Sources */,
			);
			runOnlyForDeploymentPostprocessing = 0;
		};
		4D05C37B21C174B7001EEDA9 /* Sources */ = {
			isa = PBXSourcesBuildPhase;
			buildActionMask = 2147483647;
			files = (
				4D05C38421C174B7001EEDA9 /* TestUITests.m in Sources */,
			);
			runOnlyForDeploymentPostprocessing = 0;
		};
/* End PBXSourcesBuildPhase section */

/* Begin PBXTargetDependency section */
		4D05C37621C174B7001EEDA9 /* PBXTargetDependency */ = {
			isa = PBXTargetDependency;
			target = 4D05C35B21C174B6001EEDA9 /* Test */;
			targetProxy = 4D05C37521C174B7001EEDA9 /* PBXContainerItemProxy */;
		};
		4D05C38121C174B7001EEDA9 /* PBXTargetDependency */ = {
			isa = PBXTargetDependency;
			target = 4D05C35B21C174B6001EEDA9 /* Test */;
			targetProxy = 4D05C38021C174B7001EEDA9 /* PBXContainerItemProxy */;
		};
/* End PBXTargetDependency section */

/* Begin PBXVariantGroup section */
		4D05C36521C174B6001EEDA9 /* Main.storyboard */ = {
			isa = PBXVariantGroup;
			children = (
				4D05C36621C174B6001EEDA9 /* Base */,
			);
			name = Main.storyboard;
			sourceTree = "<group>";
		};
		4D05C36A21C174B6001EEDA9 /* LaunchScreen.storyboard */ = {
			isa = PBXVariantGroup;
			children = (
				4D05C36B21C174B6001EEDA9 /* Base */,
			);
			name = LaunchScreen.storyboard;
			sourceTree = "<group>";
		};
/* End PBXVariantGroup section */

/* Begin XCBuildConfiguration section */
		4D05C38621C174B7001EEDA9 /* Debug */ = {
			isa = XCBuildConfiguration;
			buildSettings = {
				ALWAYS_SEARCH_USER_PATHS = NO;
				CLANG_ANALYZER_NONNULL = YES;
				CLANG_ANALYZER_NUMBER_OBJECT_CONVERSION = YES_AGGRESSIVE;
				CLANG_CXX_LANGUAGE_STANDARD = "gnu++14";
				CLANG_CXX_LIBRARY = "libc++";
				CLANG_ENABLE_MODULES = YES;
				CLANG_ENABLE_OBJC_ARC = YES;
				CLANG_ENABLE_OBJC_WEAK = YES;
				CLANG_WARN_BLOCK_CAPTURE_AUTORELEASING = YES;
				CLANG_WARN_BOOL_CONVERSION = YES;
				CLANG_WARN_COMMA = YES;
				CLANG_WARN_CONSTANT_CONVERSION = YES;
				CLANG_WARN_DEPRECATED_OBJC_IMPLEMENTATIONS = YES;
				CLANG_WARN_DIRECT_OBJC_ISA_USAGE = YES_ERROR;
				CLANG_WARN_DOCUMENTATION_COMMENTS = YES;
				CLANG_WARN_EMPTY_BODY = YES;
				CLANG_WARN_ENUM_CONVERSION = YES;
				CLANG_WARN_INFINITE_RECURSION = YES;
				CLANG_WARN_INT_CONVERSION = YES;
				CLANG_WARN_NON_LITERAL_NULL_CONVERSION = YES;
				CLANG_WARN_OBJC_IMPLICIT_RETAIN_SELF = YES;
				CLANG_WARN_OBJC_LITERAL_CONVERSION = YES;
				CLANG_WARN_OBJC_ROOT_CLASS = YES_ERROR;
				CLANG_WARN_RANGE_LOOP_ANALYSIS = YES;
				CLANG_WARN_STRICT_PROTOTYPES = YES;
				CLANG_WARN_SUSPICIOUS_MOVE = YES;
				CLANG_WARN_UNGUARDED_AVAILABILITY = YES_AGGRESSIVE;
				CLANG_WARN_UNREACHABLE_CODE = YES;
				CLANG_WARN__DUPLICATE_METHOD_MATCH = YES;
				CODE_SIGN_IDENTITY = "iPhone Developer";
				COPY_PHASE_STRIP = NO;
				DEBUG_INFORMATION_FORMAT = dwarf;
				ENABLE_STRICT_OBJC_MSGSEND = YES;
				ENABLE_TESTABILITY = YES;
				GCC_C_LANGUAGE_STANDARD = gnu11;
				GCC_DYNAMIC_NO_PIC = NO;
				GCC_NO_COMMON_BLOCKS = YES;
				GCC_OPTIMIZATION_LEVEL = 0;
				GCC_PREPROCESSOR_DEFINITIONS = (
					"DEBUG=1",
					"$(inherited)",
				);
				GCC_WARN_64_TO_32_BIT_CONVERSION = YES;
				GCC_WARN_ABOUT_RETURN_TYPE = YES_ERROR;
				GCC_WARN_UNDECLARED_SELECTOR = YES;
				GCC_WARN_UNINITIALIZED_AUTOS = YES_AGGRESSIVE;
				GCC_WARN_UNUSED_FUNCTION = YES;
				GCC_WARN_UNUSED_VARIABLE = YES;
				IPHONEOS_DEPLOYMENT_TARGET = 12.1;
				MTL_ENABLE_DEBUG_INFO = INCLUDE_SOURCE;
				MTL_FAST_MATH = YES;
				ONLY_ACTIVE_ARCH = YES;
				SDKROOT = iphoneos;
			};
			name = Debug;
		};
		4D05C38721C174B7001EEDA9 /* Release */ = {
			isa = XCBuildConfiguration;
			buildSettings = {
				ALWAYS_SEARCH_USER_PATHS = NO;
				CLANG_ANALYZER_NONNULL = YES;
				CLANG_ANALYZER_NUMBER_OBJECT_CONVERSION = YES_AGGRESSIVE;
				CLANG_CXX_LANGUAGE_STANDARD = "gnu++14";
				CLANG_CXX_LIBRARY = "libc++";
				CLANG_ENABLE_MODULES = YES;
				CLANG_ENABLE_OBJC_ARC = YES;
				CLANG_ENABLE_OBJC_WEAK = YES;
				CLANG_WARN_BLOCK_CAPTURE_AUTORELEASING = YES;
				CLANG_WARN_BOOL_CONVERSION = YES;
				CLANG_WARN_COMMA = YES;
				CLANG_WARN_CONSTANT_CONVERSION = YES;
				CLANG_WARN_DEPRECATED_OBJC_IMPLEMENTATIONS = YES;
				CLANG_WARN_DIRECT_OBJC_ISA_USAGE = YES_ERROR;
				CLANG_WARN_DOCUMENTATION_COMMENTS = YES;
				CLANG_WARN_EMPTY_BODY = YES;
				CLANG_WARN_ENUM_CONVERSION = YES;
				CLANG_WARN_INFINITE_RECURSION = YES;
				CLANG_WARN_INT_CONVERSION = YES;
				CLANG_WARN_NON_LITERAL_NULL_CONVERSION = YES;
				CLANG_WARN_OBJC_IMPLICIT_RETAIN_SELF = YES;
				CLANG_WARN_OBJC_LITERAL_CONVERSION = YES;
				CLANG_WARN_OBJC_ROOT_CLASS = YES_ERROR;
				CLANG_WARN_RANGE_LOOP_ANALYSIS = YES;
				CLANG_WARN_STRICT_PROTOTYPES = YES;
				CLANG_WARN_SUSPICIOUS_MOVE = YES;
				CLANG_WARN_UNGUARDED_AVAILABILITY = YES_AGGRESSIVE;
				CLANG_WARN_UNREACHABLE_CODE = YES;
				CLANG_WARN__DUPLICATE_METHOD_MATCH = YES;
				CODE_SIGN_IDENTITY = "iPhone Developer";
				COPY_PHASE_STRIP = NO;
				DEBUG_INFORMATION_FORMAT = "dwarf-with-dsym";
				ENABLE_NS_ASSERTIONS = NO;
				ENABLE_STRICT_OBJC_MSGSEND = YES;
				GCC_C_LANGUAGE_STANDARD = gnu11;
				GCC_NO_COMMON_BLOCKS = YES;
				GCC_WARN_64_TO_32_BIT_CONVERSION = YES;
				GCC_WARN_ABOUT_RETURN_TYPE = YES_ERROR;
				GCC_WARN_UNDECLARED_SELECTOR = YES;
				GCC_WARN_UNINITIALIZED_AUTOS = YES_AGGRESSIVE;
				GCC_WARN_UNUSED_FUNCTION = YES;
				GCC_WARN_UNUSED_VARIABLE = YES;
				IPHONEOS_DEPLOYMENT_TARGET = 12.1;
				MTL_ENABLE_DEBUG_INFO = NO;
				MTL_FAST_MATH = YES;
				SDKROOT = iphoneos;
				VALIDATE_PRODUCT = YES;
			};
			name = Release;
		};
		4D05C38921C174B7001EEDA9 /* Debug */ = {
			isa = XCBuildConfiguration;
			buildSettings = {
				ASSETCATALOG_COMPILER_APPICON_NAME = AppIcon;
				CODE_SIGN_STYLE = Automatic;
				DEVELOPMENT_TEAM = K53NXL2T25;
				INFOPLIST_FILE = Test/Info.plist;
				IPHONEOS_DEPLOYMENT_TARGET = 12.1;
				LD_RUNPATH_SEARCH_PATHS = (
					"$(inherited)",
					"@executable_path/Frameworks",
				);
				PRODUCT_BUNDLE_IDENTIFIER = com.zhaoning.Test;
				PRODUCT_NAME = "$(TARGET_NAME)";
				TARGETED_DEVICE_FAMILY = "1,2";
			};
			name = Debug;
		};
		4D05C38A21C174B7001EEDA9 /* Release */ = {
			isa = XCBuildConfiguration;
			buildSettings = {
				ASSETCATALOG_COMPILER_APPICON_NAME = AppIcon;
				CODE_SIGN_STYLE = Automatic;
				DEVELOPMENT_TEAM = K53NXL2T25;
				INFOPLIST_FILE = Test/Info.plist;
				IPHONEOS_DEPLOYMENT_TARGET = 12.1;
				LD_RUNPATH_SEARCH_PATHS = (
					"$(inherited)",
					"@executable_path/Frameworks",
				);
				PRODUCT_BUNDLE_IDENTIFIER = com.zhaoning.Test;
				PRODUCT_NAME = "$(TARGET_NAME)";
				TARGETED_DEVICE_FAMILY = "1,2";
			};
			name = Release;
		};
		4D05C38C21C174B7001EEDA9 /* Debug */ = {
			isa = XCBuildConfiguration;
			buildSettings = {
				BUNDLE_LOADER = "$(TEST_HOST)";
				CODE_SIGN_STYLE = Automatic;
				DEVELOPMENT_TEAM = K53NXL2T25;
				INFOPLIST_FILE = TestTests/Info.plist;
				LD_RUNPATH_SEARCH_PATHS = (
					"$(inherited)",
					"@executable_path/Frameworks",
					"@loader_path/Frameworks",
				);
				PRODUCT_BUNDLE_IDENTIFIER = com.zhaoning.TestTests;
				PRODUCT_NAME = "$(TARGET_NAME)";
				TARGETED_DEVICE_FAMILY = "1,2";
				TEST_HOST = "$(BUILT_PRODUCTS_DIR)/Test.app/Test";
			};
			name = Debug;
		};
		4D05C38D21C174B7001EEDA9 /* Release */ = {
			isa = XCBuildConfiguration;
			buildSettings = {
				BUNDLE_LOADER = "$(TEST_HOST)";
				CODE_SIGN_STYLE = Automatic;
				DEVELOPMENT_TEAM = K53NXL2T25;
				INFOPLIST_FILE = TestTests/Info.plist;
				LD_RUNPATH_SEARCH_PATHS = (
					"$(inherited)",
					"@executable_path/Frameworks",
					"@loader_path/Frameworks",
				);
				PRODUCT_BUNDLE_IDENTIFIER = com.zhaoning.TestTests;
				PRODUCT_NAME = "$(TARGET_NAME)";
				TARGETED_DEVICE_FAMILY = "1,2";
				TEST_HOST = "$(BUILT_PRODUCTS_DIR)/Test.app/Test";
			};
			name = Release;
		};
		4D05C38F21C174B7001EEDA9 /* Debug */ = {
			isa = XCBuildConfiguration;
			buildSettings = {
				CODE_SIGN_STYLE = Automatic;
				DEVELOPMENT_TEAM = K53NXL2T25;
				INFOPLIST_FILE = TestUITests/Info.plist;
				LD_RUNPATH_SEARCH_PATHS = (
					"$(inherited)",
					"@executable_path/Frameworks",
					"@loader_path/Frameworks",
				);
				PRODUCT_BUNDLE_IDENTIFIER = com.zhaoning.TestUITests;
				PRODUCT_NAME = "$(TARGET_NAME)";
				TARGETED_DEVICE_FAMILY = "1,2";
				TEST_TARGET_NAME = Test;
			};
			name = Debug;
		};
		4D05C39021C174B7001EEDA9 /* Release */ = {
			isa = XCBuildConfiguration;
			buildSettings = {
				CODE_SIGN_STYLE = Automatic;
				DEVELOPMENT_TEAM = K53NXL2T25;
				INFOPLIST_FILE = TestUITests/Info.plist;
				LD_RUNPATH_SEARCH_PATHS = (
					"$(inherited)",
					"@executable_path/Frameworks",
					"@loader_path/Frameworks",
				);
				PRODUCT_BUNDLE_IDENTIFIER = com.zhaoning.TestUITests;
				PRODUCT_NAME = "$(TARGET_NAME)";
				TARGETED_DEVICE_FAMILY = "1,2";
				TEST_TARGET_NAME = Test;
			};
			name = Release;
		};
/* End XCBuildConfiguration section */

/* Begin XCConfigurationList section */
		4D05C35721C174B6001EEDA9 /* Build configuration list for PBXProject "Test" */ = {
			isa = XCConfigurationList;
			buildConfigurations = (
				4D05C38621C174B7001EEDA9 /* Debug */,
				4D05C38721C174B7001EEDA9 /* Release */,
			);
			defaultConfigurationIsVisible = 0;
			defaultConfigurationName = Release;
		};
		4D05C38821C174B7001EEDA9 /* Build configuration list for PBXNativeTarget "Test" */ = {
			isa = XCConfigurationList;
			buildConfigurations = (
				4D05C38921C174B7001EEDA9 /* Debug */,
				4D05C38A21C174B7001EEDA9 /* Release */,
			);
			defaultConfigurationIsVisible = 0;
			defaultConfigurationName = Release;
		};
		4D05C38B21C174B7001EEDA9 /* Build configuration list for PBXNativeTarget "TestTests" */ = {
			isa = XCConfigurationList;
			buildConfigurations = (
				4D05C38C21C174B7001EEDA9 /* Debug */,
				4D05C38D21C174B7001EEDA9 /* Release */,
			);
			defaultConfigurationIsVisible = 0;
			defaultConfigurationName = Release;
		};
		4D05C38E21C174B7001EEDA9 /* Build configuration list for PBXNativeTarget "TestUITests" */ = {
			isa = XCConfigurationList;
			buildConfigurations = (
				4D05C38F21C174B7001EEDA9 /* Debug */,
				4D05C39021C174B7001EEDA9 /* Release */,
			);
			defaultConfigurationIsVisible = 0;
			defaultConfigurationName = Release;
		};
/* End XCConfigurationList section */
	};
	rootObject = 4D05C35421C174B6001EEDA9 /* Project object */;
}
